// !$*UTF8*$!
{
	archiveVersion = 1;
	classes = {
	};
	objectVersion = 51;
	objects = {

/* Begin PBXBuildFile section */
		400F9F702303B3DB000314E2 /* AppDelegate.swift in Sources */ = {isa = PBXBuildFile; fileRef = 400F9F6F2303B3DB000314E2 /* AppDelegate.swift */; };
		400F9F722303B3DB000314E2 /* ViewController.swift in Sources */ = {isa = PBXBuildFile; fileRef = 400F9F712303B3DB000314E2 /* ViewController.swift */; };
		400F9F752303B3DB000314E2 /* Main.storyboard in Resources */ = {isa = PBXBuildFile; fileRef = 400F9F732303B3DB000314E2 /* Main.storyboard */; };
		400F9F772303B3DD000314E2 /* Assets.xcassets in Resources */ = {isa = PBXBuildFile; fileRef = 400F9F762303B3DD000314E2 /* Assets.xcassets */; };
		400F9F7A2303B3DD000314E2 /* LaunchScreen.storyboard in Resources */ = {isa = PBXBuildFile; fileRef = 400F9F782303B3DD000314E2 /* LaunchScreen.storyboard */; };
		FC73AFB1A0590E2D7FCCC036 /* Pods_MyDexcomApp.framework in Frameworks */ = {isa = PBXBuildFile; fileRef = 4011DC7C0EC675D6B1675000 /* Pods_MyDexcomApp.framework */; };
/* End PBXBuildFile section */

/* Begin PBXFileReference section */
		2B04B5A4BEE570CC83F36FA3 /* Pods-MyDexcomApp.release.xcconfig */ = {isa = PBXFileReference; includeInIndex = 1; lastKnownFileType = text.xcconfig; name = "Pods-MyDexcomApp.release.xcconfig"; path = "Target Support Files/Pods-MyDexcomApp/Pods-MyDexcomApp.release.xcconfig"; sourceTree = "<group>"; };
		400F9F6C2303B3DB000314E2 /* MyDexcomApp.app */ = {isa = PBXFileReference; explicitFileType = wrapper.application; includeInIndex = 0; path = MyDexcomApp.app; sourceTree = BUILT_PRODUCTS_DIR; };
		400F9F6F2303B3DB000314E2 /* AppDelegate.swift */ = {isa = PBXFileReference; lastKnownFileType = sourcecode.swift; path = AppDelegate.swift; sourceTree = "<group>"; };
		400F9F712303B3DB000314E2 /* ViewController.swift */ = {isa = PBXFileReference; lastKnownFileType = sourcecode.swift; path = ViewController.swift; sourceTree = "<group>"; };
		400F9F742303B3DB000314E2 /* Base */ = {isa = PBXFileReference; lastKnownFileType = file.storyboard; name = Base; path = Base.lproj/Main.storyboard; sourceTree = "<group>"; };
		400F9F762303B3DD000314E2 /* Assets.xcassets */ = {isa = PBXFileReference; lastKnownFileType = folder.assetcatalog; path = Assets.xcassets; sourceTree = "<group>"; };
		400F9F792303B3DD000314E2 /* Base */ = {isa = PBXFileReference; lastKnownFileType = file.storyboard; name = Base; path = Base.lproj/LaunchScreen.storyboard; sourceTree = "<group>"; };
		400F9F7B2303B3DD000314E2 /* Info.plist */ = {isa = PBXFileReference; lastKnownFileType = text.plist.xml; path = Info.plist; sourceTree = "<group>"; };
		4011DC7C0EC675D6B1675000 /* Pods_MyDexcomApp.framework */ = {isa = PBXFileReference; explicitFileType = wrapper.framework; includeInIndex = 0; path = Pods_MyDexcomApp.framework; sourceTree = BUILT_PRODUCTS_DIR; };
		C51C34834B160BD4DEF77F57 /* Pods-MyDexcomApp.debug.xcconfig */ = {isa = PBXFileReference; includeInIndex = 1; lastKnownFileType = text.xcconfig; name = "Pods-MyDexcomApp.debug.xcconfig"; path = "Target Support Files/Pods-MyDexcomApp/Pods-MyDexcomApp.debug.xcconfig"; sourceTree = "<group>"; };
/* End PBXFileReference section */

/* Begin PBXFrameworksBuildPhase section */
		400F9F692303B3DB000314E2 /* Frameworks */ = {
			isa = PBXFrameworksBuildPhase;
			buildActionMask = 2147483647;
			files = (
				FC73AFB1A0590E2D7FCCC036 /* Pods_MyDexcomApp.framework in Frameworks */,
			);
			runOnlyForDeploymentPostprocessing = 0;
		};
/* End PBXFrameworksBuildPhase section */

/* Begin PBXGroup section */
		2289DAA8564CCD1C1C323F5B /* Frameworks */ = {
			isa = PBXGroup;
			children = (
				4011DC7C0EC675D6B1675000 /* Pods_MyDexcomApp.framework */,
			);
			name = Frameworks;
			sourceTree = "<group>";
		};
		400F9F632303B3DB000314E2 = {
			isa = PBXGroup;
			children = (
				400F9F6E2303B3DB000314E2 /* MyDexcomApp */,
				400F9F6D2303B3DB000314E2 /* Products */,
				6A7716105634B7BFCD70EFEC /* Pods */,
				2289DAA8564CCD1C1C323F5B /* Frameworks */,
			);
			sourceTree = "<group>";
		};
		400F9F6D2303B3DB000314E2 /* Products */ = {
			isa = PBXGroup;
			children = (
				400F9F6C2303B3DB000314E2 /* MyDexcomApp.app */,
			);
			name = Products;
			sourceTree = "<group>";
		};
		400F9F6E2303B3DB000314E2 /* MyDexcomApp */ = {
			isa = PBXGroup;
			children = (
				400F9F6F2303B3DB000314E2 /* AppDelegate.swift */,
				400F9F712303B3DB000314E2 /* ViewController.swift */,
				400F9F732303B3DB000314E2 /* Main.storyboard */,
				400F9F762303B3DD000314E2 /* Assets.xcassets */,
				400F9F782303B3DD000314E2 /* LaunchScreen.storyboard */,
				400F9F7B2303B3DD000314E2 /* Info.plist */,
			);
			path = MyDexcomApp;
			sourceTree = "<group>";
		};
		6A7716105634B7BFCD70EFEC /* Pods */ = {
			isa = PBXGroup;
			children = (
				C51C34834B160BD4DEF77F57 /* Pods-MyDexcomApp.debug.xcconfig */,
				2B04B5A4BEE570CC83F36FA3 /* Pods-MyDexcomApp.release.xcconfig */,
			);
			path = Pods;
			sourceTree = "<group>";
		};
/* End PBXGroup section */

/* Begin PBXNativeTarget section */
		400F9F6B2303B3DB000314E2 /* MyDexcomApp */ = {
			isa = PBXNativeTarget;
			buildConfigurationList = 400F9F7E2303B3DD000314E2 /* Build configuration list for PBXNativeTarget "MyDexcomApp" */;
			buildPhases = (
				A125DA75B515126DA3E956A6 /* [CP] Check Pods Manifest.lock */,
				400F9F682303B3DB000314E2 /* Sources */,
				400F9F692303B3DB000314E2 /* Frameworks */,
				400F9F6A2303B3DB000314E2 /* Resources */,
				122A8D0ECDDD1F2E3AAAA7B4 /* [CP] Embed Pods Frameworks */,
			);
			buildRules = (
			);
			dependencies = (
			);
			name = MyDexcomApp;
			productName = MyDexcomApp;
			productReference = 400F9F6C2303B3DB000314E2 /* MyDexcomApp.app */;
			productType = "com.apple.product-type.application";
		};
/* End PBXNativeTarget section */

/* Begin PBXProject section */
		400F9F642303B3DB000314E2 /* Project object */ = {
			isa = PBXProject;
			attributes = {
				LastSwiftUpdateCheck = 1030;
				LastUpgradeCheck = 1030;
				ORGANIZATIONNAME = Dexcom;
				TargetAttributes = {
					400F9F6B2303B3DB000314E2 = {
						CreatedOnToolsVersion = 10.3;
					};
				};
			};
			buildConfigurationList = 400F9F672303B3DB000314E2 /* Build configuration list for PBXProject "MyDexcomApp" */;
			compatibilityVersion = "Xcode 9.3";
			developmentRegion = en;
			hasScannedForEncodings = 0;
			knownRegions = (
				en,
				Base,
			);
			mainGroup = 400F9F632303B3DB000314E2;
			productRefGroup = 400F9F6D2303B3DB000314E2 /* Products */;
			projectDirPath = "";
			projectRoot = "";
			targets = (
				400F9F6B2303B3DB000314E2 /* MyDexcomApp */,
			);
		};
/* End PBXProject section */

/* Begin PBXResourcesBuildPhase section */
		400F9F6A2303B3DB000314E2 /* Resources */ = {
			isa = PBXResourcesBuildPhase;
			buildActionMask = 2147483647;
			files = (
				400F9F7A2303B3DD000314E2 /* LaunchScreen.storyboard in Resources */,
				400F9F772303B3DD000314E2 /* Assets.xcassets in Resources */,
				400F9F752303B3DB000314E2 /* Main.storyboard in Resources */,
			);
			runOnlyForDeploymentPostprocessing = 0;
		};
/* End PBXResourcesBuildPhase section */

/* Begin PBXShellScriptBuildPhase section */
		122A8D0ECDDD1F2E3AAAA7B4 /* [CP] Embed Pods Frameworks */ = {
			isa = PBXShellScriptBuildPhase;
			buildActionMask = 2147483647;
			files = (
			);
			inputFileListPaths = (
				"${PODS_ROOT}/Target Support Files/Pods-MyDexcomApp/Pods-MyDexcomApp-frameworks-${CONFIGURATION}-input-files.xcfilelist",
			);
			name = "[CP] Embed Pods Frameworks";
			outputFileListPaths = (
				"${PODS_ROOT}/Target Support Files/Pods-MyDexcomApp/Pods-MyDexcomApp-frameworks-${CONFIGURATION}-output-files.xcfilelist",
			);
			runOnlyForDeploymentPostprocessing = 0;
			shellPath = /bin/sh;
			shellScript = "\"${PODS_ROOT}/Target Support Files/Pods-MyDexcomApp/Pods-MyDexcomApp-frameworks.sh\"\n";
			showEnvVarsInLog = 0;
		};
		A125DA75B515126DA3E956A6 /* [CP] Check Pods Manifest.lock */ = {
			isa = PBXShellScriptBuildPhase;
			buildActionMask = 2147483647;
			files = (
			);
			inputFileListPaths = (
			);
			inputPaths = (
				"${PODS_PODFILE_DIR_PATH}/Podfile.lock",
				"${PODS_ROOT}/Manifest.lock",
			);
			name = "[CP] Check Pods Manifest.lock";
			outputFileListPaths = (
			);
			outputPaths = (
				"$(DERIVED_FILE_DIR)/Pods-MyDexcomApp-checkManifestLockResult.txt",
			);
			runOnlyForDeploymentPostprocessing = 0;
			shellPath = /bin/sh;
			shellScript = "diff \"${PODS_PODFILE_DIR_PATH}/Podfile.lock\" \"${PODS_ROOT}/Manifest.lock\" > /dev/null\nif [ $? != 0 ] ; then\n    # print error to STDERR\n    echo \"error: The sandbox is not in sync with the Podfile.lock. Run 'pod install' or update your CocoaPods installation.\" >&2\n    exit 1\nfi\n# This output is used by Xcode 'outputs' to avoid re-running this script phase.\necho \"SUCCESS\" > \"${SCRIPT_OUTPUT_FILE_0}\"\n";
			showEnvVarsInLog = 0;
		};
/* End PBXShellScriptBuildPhase section */

/* Begin PBXSourcesBuildPhase section */
		400F9F682303B3DB000314E2 /* Sources */ = {
			isa = PBXSourcesBuildPhase;
			buildActionMask = 2147483647;
			files = (
				400F9F722303B3DB000314E2 /* ViewController.swift in Sources */,
				400F9F702303B3DB000314E2 /* AppDelegate.swift in Sources */,
			);
			runOnlyForDeploymentPostprocessing = 0;
		};
/* End PBXSourcesBuildPhase section */

/* Begin PBXVariantGroup section */
		400F9F732303B3DB000314E2 /* Main.storyboard */ = {
			isa = PBXVariantGroup;
			children = (
				400F9F742303B3DB000314E2 /* Base */,
			);
			name = Main.storyboard;
			sourceTree = "<group>";
		};
		400F9F782303B3DD000314E2 /* LaunchScreen.storyboard */ = {
			isa = PBXVariantGroup;
			children = (
				400F9F792303B3DD000314E2 /* Base */,
			);
			name = LaunchScreen.storyboard;
			sourceTree = "<group>";
		};
/* End PBXVariantGroup section */

/* Begin XCBuildConfiguration section */
		400F9F7C2303B3DD000314E2 /* Debug */ = {
			isa = XCBuildConfiguration;
			buildSettings = {
				ALWAYS_SEARCH_USER_PATHS = NO;
				CLANG_ANALYZER_NONNULL = YES;
				CLANG_ANALYZER_NUMBER_OBJECT_CONVERSION = YES_AGGRESSIVE;
				CLANG_CXX_LANGUAGE_STANDARD = "gnu++14";
				CLANG_CXX_LIBRARY = "libc++";
				CLANG_ENABLE_MODULES = YES;
				CLANG_ENABLE_OBJC_ARC = YES;
				CLANG_ENABLE_OBJC_WEAK = YES;
				CLANG_WARN_BLOCK_CAPTURE_AUTORELEASING = YES;
				CLANG_WARN_BOOL_CONVERSION = YES;
				CLANG_WARN_COMMA = YES;
				CLANG_WARN_CONSTANT_CONVERSION = YES;
				CLANG_WARN_DEPRECATED_OBJC_IMPLEMENTATIONS = YES;
				CLANG_WARN_DIRECT_OBJC_ISA_USAGE = YES_ERROR;
				CLANG_WARN_DOCUMENTATION_COMMENTS = YES;
				CLANG_WARN_EMPTY_BODY = YES;
				CLANG_WARN_ENUM_CONVERSION = YES;
				CLANG_WARN_INFINITE_RECURSION = YES;
				CLANG_WARN_INT_CONVERSION = YES;
				CLANG_WARN_NON_LITERAL_NULL_CONVERSION = YES;
				CLANG_WARN_OBJC_IMPLICIT_RETAIN_SELF = YES;
				CLANG_WARN_OBJC_LITERAL_CONVERSION = YES;
				CLANG_WARN_OBJC_ROOT_CLASS = YES_ERROR;
				CLANG_WARN_RANGE_LOOP_ANALYSIS = YES;
				CLANG_WARN_STRICT_PROTOTYPES = YES;
				CLANG_WARN_SUSPICIOUS_MOVE = YES;
				CLANG_WARN_UNGUARDED_AVAILABILITY = YES_AGGRESSIVE;
				CLANG_WARN_UNREACHABLE_CODE = YES;
				CLANG_WARN__DUPLICATE_METHOD_MATCH = YES;
				CODE_SIGN_IDENTITY = "iPhone Developer";
				COPY_PHASE_STRIP = NO;
				DEBUG_INFORMATION_FORMAT = dwarf;
				ENABLE_STRICT_OBJC_MSGSEND = YES;
				ENABLE_TESTABILITY = YES;
				GCC_C_LANGUAGE_STANDARD = gnu11;
				GCC_DYNAMIC_NO_PIC = NO;
				GCC_NO_COMMON_BLOCKS = YES;
				GCC_OPTIMIZATION_LEVEL = 0;
				GCC_PREPROCESSOR_DEFINITIONS = (
					"DEBUG=1",
					"$(inherited)",
				);
				GCC_WARN_64_TO_32_BIT_CONVERSION = YES;
				GCC_WARN_ABOUT_RETURN_TYPE = YES_ERROR;
				GCC_WARN_UNDECLARED_SELECTOR = YES;
				GCC_WARN_UNINITIALIZED_AUTOS = YES_AGGRESSIVE;
				GCC_WARN_UNUSED_FUNCTION = YES;
				GCC_WARN_UNUSED_VARIABLE = YES;
				IPHONEOS_DEPLOYMENT_TARGET = 12.4;
				MTL_ENABLE_DEBUG_INFO = INCLUDE_SOURCE;
				MTL_FAST_MATH = YES;
				ONLY_ACTIVE_ARCH = YES;
				SDKROOT = iphoneos;
				SWIFT_ACTIVE_COMPILATION_CONDITIONS = DEBUG;
				SWIFT_OPTIMIZATION_LEVEL = "-Onone";
			};
			name = Debug;
		};
		400F9F7D2303B3DD000314E2 /* Release */ = {
			isa = XCBuildConfiguration;
			buildSettings = {
				ALWAYS_SEARCH_USER_PATHS = NO;
				CLANG_ANALYZER_NONNULL = YES;
				CLANG_ANALYZER_NUMBER_OBJECT_CONVERSION = YES_AGGRESSIVE;
				CLANG_CXX_LANGUAGE_STANDARD = "gnu++14";
				CLANG_CXX_LIBRARY = "libc++";
				CLANG_ENABLE_MODULES = YES;
				CLANG_ENABLE_OBJC_ARC = YES;
				CLANG_ENABLE_OBJC_WEAK = YES;
				CLANG_WARN_BLOCK_CAPTURE_AUTORELEASING = YES;
				CLANG_WARN_BOOL_CONVERSION = YES;
				CLANG_WARN_COMMA = YES;
				CLANG_WARN_CONSTANT_CONVERSION = YES;
				CLANG_WARN_DEPRECATED_OBJC_IMPLEMENTATIONS = YES;
				CLANG_WARN_DIRECT_OBJC_ISA_USAGE = YES_ERROR;
				CLANG_WARN_DOCUMENTATION_COMMENTS = YES;
				CLANG_WARN_EMPTY_BODY = YES;
				CLANG_WARN_ENUM_CONVERSION = YES;
				CLANG_WARN_INFINITE_RECURSION = YES;
				CLANG_WARN_INT_CONVERSION = YES;
				CLANG_WARN_NON_LITERAL_NULL_CONVERSION = YES;
				CLANG_WARN_OBJC_IMPLICIT_RETAIN_SELF = YES;
				CLANG_WARN_OBJC_LITERAL_CONVERSION = YES;
				CLANG_WARN_OBJC_ROOT_CLASS = YES_ERROR;
				CLANG_WARN_RANGE_LOOP_ANALYSIS = YES;
				CLANG_WARN_STRICT_PROTOTYPES = YES;
				CLANG_WARN_SUSPICIOUS_MOVE = YES;
				CLANG_WARN_UNGUARDED_AVAILABILITY = YES_AGGRESSIVE;
				CLANG_WARN_UNREACHABLE_CODE = YES;
				CLANG_WARN__DUPLICATE_METHOD_MATCH = YES;
				CODE_SIGN_IDENTITY = "iPhone Developer";
				COPY_PHASE_STRIP = NO;
				DEBUG_INFORMATION_FORMAT = "dwarf-with-dsym";
				ENABLE_NS_ASSERTIONS = NO;
				ENABLE_STRICT_OBJC_MSGSEND = YES;
				GCC_C_LANGUAGE_STANDARD = gnu11;
				GCC_NO_COMMON_BLOCKS = YES;
				GCC_WARN_64_TO_32_BIT_CONVERSION = YES;
				GCC_WARN_ABOUT_RETURN_TYPE = YES_ERROR;
				GCC_WARN_UNDECLARED_SELECTOR = YES;
				GCC_WARN_UNINITIALIZED_AUTOS = YES_AGGRESSIVE;
				GCC_WARN_UNUSED_FUNCTION = YES;
				GCC_WARN_UNUSED_VARIABLE = YES;
				IPHONEOS_DEPLOYMENT_TARGET = 12.4;
				MTL_ENABLE_DEBUG_INFO = NO;
				MTL_FAST_MATH = YES;
				SDKROOT = iphoneos;
				SWIFT_COMPILATION_MODE = wholemodule;
				SWIFT_OPTIMIZATION_LEVEL = "-O";
				VALIDATE_PRODUCT = YES;
			};
			name = Release;
		};
		400F9F7F2303B3DD000314E2 /* Debug */ = {
			isa = XCBuildConfiguration;
			baseConfigurationReference = C51C34834B160BD4DEF77F57 /* Pods-MyDexcomApp.debug.xcconfig */;
			buildSettings = {
				ASSETCATALOG_COMPILER_APPICON_NAME = AppIcon;
				CODE_SIGN_STYLE = Automatic;
				DEVELOPMENT_TEAM = Z5BA64W9WV;
				INFOPLIST_FILE = MyDexcomApp/Info.plist;
				IPHONEOS_DEPLOYMENT_TARGET = 13.2;
				LD_RUNPATH_SEARCH_PATHS = (
					"$(inherited)",
					"@executable_path/Frameworks",
				);
				PRODUCT_BUNDLE_IDENTIFIER = com.dexcom.MyDexcomApp;
				PRODUCT_NAME = "$(TARGET_NAME)";
				SWIFT_VERSION = 5.0;
				TARGETED_DEVICE_FAMILY = "1,2";
			};
			name = Debug;
		};
		400F9F802303B3DD000314E2 /* Release */ = {
			isa = XCBuildConfiguration;
			baseConfigurationReference = 2B04B5A4BEE570CC83F36FA3 /* Pods-MyDexcomApp.release.xcconfig */;
			buildSettings = {
				ASSETCATALOG_COMPILER_APPICON_NAME = AppIcon;
				CODE_SIGN_STYLE = Automatic;
				DEVELOPMENT_TEAM = Z5BA64W9WV;
				INFOPLIST_FILE = MyDexcomApp/Info.plist;
				IPHONEOS_DEPLOYMENT_TARGET = 13.2;
				LD_RUNPATH_SEARCH_PATHS = (
					"$(inherited)",
					"@executable_path/Frameworks",
				);
				PRODUCT_BUNDLE_IDENTIFIER = com.dexcom.MyDexcomApp;
				PRODUCT_NAME = "$(TARGET_NAME)";
				SWIFT_VERSION = 5.0;
				TARGETED_DEVICE_FAMILY = "1,2";
			};
			name = Release;
		};
/* End XCBuildConfiguration section */

/* Begin XCConfigurationList section */
		400F9F672303B3DB000314E2 /* Build configuration list for PBXProject "MyDexcomApp" */ = {
			isa = XCConfigurationList;
			buildConfigurations = (
				400F9F7C2303B3DD000314E2 /* Debug */,
				400F9F7D2303B3DD000314E2 /* Release */,
			);
			defaultConfigurationIsVisible = 0;
			defaultConfigurationName = Release;
		};
		400F9F7E2303B3DD000314E2 /* Build configuration list for PBXNativeTarget "MyDexcomApp" */ = {
			isa = XCConfigurationList;
			buildConfigurations = (
				400F9F7F2303B3DD000314E2 /* Debug */,
				400F9F802303B3DD000314E2 /* Release */,
			);
			defaultConfigurationIsVisible = 0;
			defaultConfigurationName = Release;
		};
/* End XCConfigurationList section */
	};
	rootObject = 400F9F642303B3DB000314E2 /* Project object */;
}
